
Microsoft Visual Studio Solution File, Format Version 12.00
# Visual Studio 2013
VisualStudioVersion = 12.0.40629.0
MinimumVisualStudioVersion = 10.0.40219.1
Project("{FAE04EC0-301F-11D3-BF4B-00C04F79EFBC}") = "Logger", "Logger\Logger.csproj", "{A6FBCD15-3F44-405A-BDA7-156F54BCB922}"
EndProject
Project("{FAE04EC0-301F-11D3-BF4B-00C04F79EFBC}") = "LoggerUsage", "LoggerUsage\LoggerUsage.csproj", "{9825A083-B144-438B-BCE6-93F87452F34B}"
EndProject
Global
	GlobalSection(SolutionConfigurationPlatforms) = preSolution
		Debug|Any CPU = Debug|Any CPU
		Release|Any CPU = Release|Any CPU
	EndGlobalSection
	GlobalSection(ProjectConfigurationPlatforms) = postSolution
		{A6FBCD15-3F44-405A-BDA7-156F54BCB922}.Debug|Any CPU.ActiveCfg = Debug|Any CPU
		{A6FBCD15-3F44-405A-BDA7-156F54BCB922}.Debug|Any CPU.Build.0 = Debug|Any CPU
		{A6FBCD15-3F44-405A-BDA7-156F54BCB922}.Release|Any CPU.ActiveCfg = Release|Any CPU
		{A6FBCD15-3F44-405A-BDA7-156F54BCB922}.Release|Any CPU.Build.0 = Release|Any CPU
		{9825A083-B144-438B-BCE6-93F87452F34B}.Debug|Any CPU.ActiveCfg = Debug|Any CPU
		{9825A083-B144-438B-BCE6-93F87452F34B}.Debug|Any CPU.Build.0 = Debug|Any CPU
		{9825A083-B144-438B-BCE6-93F87452F34B}.Release|Any CPU.ActiveCfg = Release|Any CPU
		{9825A083-B144-438B-BCE6-93F87452F34B}.Release|Any CPU.Build.0 = Release|Any CPU
	EndGlobalSection
	GlobalSection(SolutionProperties) = preSolution
		HideSolutionNode = FALSE
	EndGlobalSection
EndGlobal
